
Microsoft Visual Studio Solution File, Format Version 12.00
# Visual Studio Version 17
VisualStudioVersion = 17.3.32825.248
MinimumVisualStudioVersion = 10.0.40219.1
Project("{FAE04EC0-301F-11D3-BF4B-00C04F79EFBC}") = "TemAgency", "TemAgency\TemAgency.csproj", "{0BD133BF-0106-4A0D-B89B-F8C5CAF304E6}"
EndProject
Project("{FAE04EC0-301F-11D3-BF4B-00C04F79EFBC}") = "TemAgency.BusinessLayer", "TemAgency.BusinessLayer\TemAgency.BusinessLayer.csproj", "{D829BB48-341B-4B85-990C-8A1831F2C9F8}"
EndProject
Global
	GlobalSection(SolutionConfigurationPlatforms) = preSolution
		Debug|Any CPU = Debug|Any CPU
		Release|Any CPU = Release|Any CPU
	EndGlobalSection
	GlobalSection(ProjectConfigurationPlatforms) = postSolution
		{0BD133BF-0106-4A0D-B89B-F8C5CAF304E6}.Debug|Any CPU.ActiveCfg = Debug|Any CPU
		{0BD133BF-0106-4A0D-B89B-F8C5CAF304E6}.Debug|Any CPU.Build.0 = Debug|Any CPU
		{0BD133BF-0106-4A0D-B89B-F8C5CAF304E6}.Release|Any CPU.ActiveCfg = Release|Any CPU
		{0BD133BF-0106-4A0D-B89B-F8C5CAF304E6}.Release|Any CPU.Build.0 = Release|Any CPU
		{D829BB48-341B-4B85-990C-8A1831F2C9F8}.Debug|Any CPU.ActiveCfg = Debug|Any CPU
		{D829BB48-341B-4B85-990C-8A1831F2C9F8}.Debug|Any CPU.Build.0 = Debug|Any CPU
		{D829BB48-341B-4B85-990C-8A1831F2C9F8}.Release|Any CPU.ActiveCfg = Release|Any CPU
		{D829BB48-341B-4B85-990C-8A1831F2C9F8}.Release|Any CPU.Build.0 = Release|Any CPU
	EndGlobalSection
	GlobalSection(SolutionProperties) = preSolution
		HideSolutionNode = FALSE
	EndGlobalSection
	GlobalSection(ExtensibilityGlobals) = postSolution
		SolutionGuid = {EAB6B7BF-70B9-47AE-9930-CFC1FDA4A0E6}
	EndGlobalSection
EndGlobal
